
Microsoft Visual Studio Solution File, Format Version 12.00
# Visual Studio Version 16
VisualStudioVersion = 16.0.30717.126
MinimumVisualStudioVersion = 10.0.40219.1
Project("{9A19103F-16F7-4668-BE54-9A1E7A4F7556}") = "DamaWeb", "DamaWeb\DamaWeb.csproj", "{B2B10287-702B-4D0C-91EB-97A588224F1F}"
EndProject
Project("{9A19103F-16F7-4668-BE54-9A1E7A4F7556}") = "Model", "Model\Model.csproj", "{BAC96989-2544-4AC8-A820-BA9804B34C80}"
EndProject
Project("{FAE04EC0-301F-11D3-BF4B-00C04F79EFBC}") = "TestConsole", "TestConsole\TestConsole.csproj", "{9C75B43B-61D7-46A2-A11C-EDD906B7FA14}"
EndProject
Global
	GlobalSection(SolutionConfigurationPlatforms) = preSolution
		Debug|Any CPU = Debug|Any CPU
		Release|Any CPU = Release|Any CPU
	EndGlobalSection
	GlobalSection(ProjectConfigurationPlatforms) = postSolution
		{B2B10287-702B-4D0C-91EB-97A588224F1F}.Debug|Any CPU.ActiveCfg = Debug|Any CPU
		{B2B10287-702B-4D0C-91EB-97A588224F1F}.Debug|Any CPU.Build.0 = Debug|Any CPU
		{B2B10287-702B-4D0C-91EB-97A588224F1F}.Release|Any CPU.ActiveCfg = Release|Any CPU
		{B2B10287-702B-4D0C-91EB-97A588224F1F}.Release|Any CPU.Build.0 = Release|Any CPU
		{BAC96989-2544-4AC8-A820-BA9804B34C80}.Debug|Any CPU.ActiveCfg = Debug|Any CPU
		{BAC96989-2544-4AC8-A820-BA9804B34C80}.Debug|Any CPU.Build.0 = Debug|Any CPU
		{BAC96989-2544-4AC8-A820-BA9804B34C80}.Release|Any CPU.ActiveCfg = Release|Any CPU
		{BAC96989-2544-4AC8-A820-BA9804B34C80}.Release|Any CPU.Build.0 = Release|Any CPU
		{9C75B43B-61D7-46A2-A11C-EDD906B7FA14}.Debug|Any CPU.ActiveCfg = Debug|Any CPU
		{9C75B43B-61D7-46A2-A11C-EDD906B7FA14}.Debug|Any CPU.Build.0 = Debug|Any CPU
		{9C75B43B-61D7-46A2-A11C-EDD906B7FA14}.Release|Any CPU.ActiveCfg = Release|Any CPU
		{9C75B43B-61D7-46A2-A11C-EDD906B7FA14}.Release|Any CPU.Build.0 = Release|Any CPU
	EndGlobalSection
	GlobalSection(SolutionProperties) = preSolution
		HideSolutionNode = FALSE
	EndGlobalSection
	GlobalSection(ExtensibilityGlobals) = postSolution
		SolutionGuid = {BDA90677-676D-4EBF-83A7-B8365CCC484F}
	EndGlobalSection
EndGlobal
